# THIS IS AN AUTOGENERATED FILE. DO NOT EDIT THIS FILE DIRECTLY.
# yarn lockfile v1


web-messages@^0.0.3:
  version "0.0.3"
  resolved "https://registry.yarnpkg.com/web-messages/-/web-messages-0.0.3.tgz#b5b3422801a4c05837cfedc9f4b815d690e112eb"
  integrity sha512-576GqtCAxQarv+A4zM3m1cWTfUOfiQTsmSlaxUpcDqm9Qx9b5SvuYpIgCieL71A0YsSYTZ97E87xxth/by8S9g==
